
Microsoft Visual Studio Solution File, Format Version 12.00
# Visual Studio 15
VisualStudioVersion = 15.0.27130.2027
MinimumVisualStudioVersion = 10.0.40219.1
Project("{9A19103F-16F7-4668-BE54-9A1E7A4F7556}") = "ToDoList", "ToDoList\ToDoList.csproj", "{D44128BC-9778-4D93-95D5-C3AFDAD928CE}"
EndProject
Project("{FAE04EC0-301F-11D3-BF4B-00C04F79EFBC}") = "ToDoList.Test", "ToDoList.Test\ToDoList.Test.csproj", "{77D2DD25-E90C-4F96-A1E0-F73D4BAF93A7}"
EndProject
Global
	GlobalSection(SolutionConfigurationPlatforms) = preSolution
		Debug|Any CPU = Debug|Any CPU
		Release|Any CPU = Release|Any CPU
	EndGlobalSection
	GlobalSection(ProjectConfigurationPlatforms) = postSolution
		{D44128BC-9778-4D93-95D5-C3AFDAD928CE}.Debug|Any CPU.ActiveCfg = Debug|Any CPU
		{D44128BC-9778-4D93-95D5-C3AFDAD928CE}.Debug|Any CPU.Build.0 = Debug|Any CPU
		{D44128BC-9778-4D93-95D5-C3AFDAD928CE}.Release|Any CPU.ActiveCfg = Release|Any CPU
		{D44128BC-9778-4D93-95D5-C3AFDAD928CE}.Release|Any CPU.Build.0 = Release|Any CPU
		{77D2DD25-E90C-4F96-A1E0-F73D4BAF93A7}.Debug|Any CPU.ActiveCfg = Debug|Any CPU
		{77D2DD25-E90C-4F96-A1E0-F73D4BAF93A7}.Debug|Any CPU.Build.0 = Debug|Any CPU
		{77D2DD25-E90C-4F96-A1E0-F73D4BAF93A7}.Release|Any CPU.ActiveCfg = Release|Any CPU
		{77D2DD25-E90C-4F96-A1E0-F73D4BAF93A7}.Release|Any CPU.Build.0 = Release|Any CPU
	EndGlobalSection
	GlobalSection(SolutionProperties) = preSolution
		HideSolutionNode = FALSE
	EndGlobalSection
	GlobalSection(ExtensibilityGlobals) = postSolution
		SolutionGuid = {00D4C494-A23F-4694-8ACF-A3DAA8471AD8}
	EndGlobalSection
EndGlobal
